
Microsoft Visual Studio Solution File, Format Version 12.00
# Visual Studio Version 17
VisualStudioVersion = 17.4.33213.308
MinimumVisualStudioVersion = 10.0.40219.1
Project("{FAE04EC0-301F-11D3-BF4B-00C04F79EFBC}") = "CSRMS", "CSRMS.csproj", "{FB6C48D6-9B2F-41B8-B98D-D6690193C6C3}"
EndProject
Project("{FAE04EC0-301F-11D3-BF4B-00C04F79EFBC}") = "CSRMS.Tests", "CSRMS.Tests\CSRMS.Tests.csproj", "{0E1667F2-68BF-4688-BDA3-0B8BF5AACFA5}"
EndProject
Global
	GlobalSection(SolutionConfigurationPlatforms) = preSolution
		Debug|Any CPU = Debug|Any CPU
		Release|Any CPU = Release|Any CPU
	EndGlobalSection
	GlobalSection(ProjectConfigurationPlatforms) = postSolution
		{FB6C48D6-9B2F-41B8-B98D-D6690193C6C3}.Debug|Any CPU.ActiveCfg = Debug|Any CPU
		{FB6C48D6-9B2F-41B8-B98D-D6690193C6C3}.Debug|Any CPU.Build.0 = Debug|Any CPU
		{FB6C48D6-9B2F-41B8-B98D-D6690193C6C3}.Release|Any CPU.ActiveCfg = Release|Any CPU
		{FB6C48D6-9B2F-41B8-B98D-D6690193C6C3}.Release|Any CPU.Build.0 = Release|Any CPU
		{0E1667F2-68BF-4688-BDA3-0B8BF5AACFA5}.Debug|Any CPU.ActiveCfg = Debug|Any CPU
		{0E1667F2-68BF-4688-BDA3-0B8BF5AACFA5}.Debug|Any CPU.Build.0 = Debug|Any CPU
		{0E1667F2-68BF-4688-BDA3-0B8BF5AACFA5}.Release|Any CPU.ActiveCfg = Release|Any CPU
		{0E1667F2-68BF-4688-BDA3-0B8BF5AACFA5}.Release|Any CPU.Build.0 = Release|Any CPU
	EndGlobalSection
	GlobalSection(SolutionProperties) = preSolution
		HideSolutionNode = FALSE
	EndGlobalSection
	GlobalSection(ExtensibilityGlobals) = postSolution
		SolutionGuid = {CE94A5D7-A875-496A-B502-254705274BB0}
	EndGlobalSection
EndGlobal
